
Microsoft Visual Studio Solution File, Format Version 12.00
# Visual Studio Version 17
VisualStudioVersion = 17.13.35931.197
MinimumVisualStudioVersion = 10.0.40219.1
Project("{FAE04EC0-301F-11D3-BF4B-00C04F79EFBC}") = "ProductsMicroService.API", "ProductsMicroService.API\ProductsMicroService.API.csproj", "{6491AC58-7408-E7D0-7B74-FEA2ED4ED0F6}"
EndProject
Project("{FAE04EC0-301F-11D3-BF4B-00C04F79EFBC}") = "BusinessLogicLayer", "BusinessLogicLayer\BusinessLogicLayer.csproj", "{C912A4C9-4DC0-55B5-1B9D-FD132972197A}"
EndProject
Project("{FAE04EC0-301F-11D3-BF4B-00C04F79EFBC}") = "DataAccessLayer", "DataAccessLayer\DataAccessLayer.csproj", "{A9FCCEB3-DD88-F8C0-89A3-FD31A7C54F23}"
EndProject
Project("{FAE04EC0-301F-11D3-BF4B-00C04F79EFBC}") = "ProductsUnitTests", "ProductsUnitTests\ProductsUnitTests.csproj", "{223D851D-1CF6-441D-AE8A-E8A167ECCBA2}"
EndProject
Project("{2150E333-8FDC-42A3-9474-1A3956D46DE8}") = "Solution Items", "Solution Items", "{8EC462FD-D22E-90A8-E5CE-7E832BA40C5D}"
	ProjectSection(SolutionItems) = preProject
		azure-pipelines.yml = azure-pipelines.yml
		k8s\dev.service.yaml = k8s\dev.service.yaml
	EndProjectSection
EndProject
Global
	GlobalSection(SolutionConfigurationPlatforms) = preSolution
		Debug|Any CPU = Debug|Any CPU
		Release|Any CPU = Release|Any CPU
	EndGlobalSection
	GlobalSection(ProjectConfigurationPlatforms) = postSolution
		{6491AC58-7408-E7D0-7B74-FEA2ED4ED0F6}.Debug|Any CPU.ActiveCfg = Debug|Any CPU
		{6491AC58-7408-E7D0-7B74-FEA2ED4ED0F6}.Debug|Any CPU.Build.0 = Debug|Any CPU
		{6491AC58-7408-E7D0-7B74-FEA2ED4ED0F6}.Release|Any CPU.ActiveCfg = Release|Any CPU
		{6491AC58-7408-E7D0-7B74-FEA2ED4ED0F6}.Release|Any CPU.Build.0 = Release|Any CPU
		{C912A4C9-4DC0-55B5-1B9D-FD132972197A}.Debug|Any CPU.ActiveCfg = Debug|Any CPU
		{C912A4C9-4DC0-55B5-1B9D-FD132972197A}.Debug|Any CPU.Build.0 = Debug|Any CPU
		{C912A4C9-4DC0-55B5-1B9D-FD132972197A}.Release|Any CPU.ActiveCfg = Release|Any CPU
		{C912A4C9-4DC0-55B5-1B9D-FD132972197A}.Release|Any CPU.Build.0 = Release|Any CPU
		{A9FCCEB3-DD88-F8C0-89A3-FD31A7C54F23}.Debug|Any CPU.ActiveCfg = Debug|Any CPU
		{A9FCCEB3-DD88-F8C0-89A3-FD31A7C54F23}.Debug|Any CPU.Build.0 = Debug|Any CPU
		{A9FCCEB3-DD88-F8C0-89A3-FD31A7C54F23}.Release|Any CPU.ActiveCfg = Release|Any CPU
		{A9FCCEB3-DD88-F8C0-89A3-FD31A7C54F23}.Release|Any CPU.Build.0 = Release|Any CPU
		{223D851D-1CF6-441D-AE8A-E8A167ECCBA2}.Debug|Any CPU.ActiveCfg = Debug|Any CPU
		{223D851D-1CF6-441D-AE8A-E8A167ECCBA2}.Debug|Any CPU.Build.0 = Debug|Any CPU
		{223D851D-1CF6-441D-AE8A-E8A167ECCBA2}.Release|Any CPU.ActiveCfg = Release|Any CPU
		{223D851D-1CF6-441D-AE8A-E8A167ECCBA2}.Release|Any CPU.Build.0 = Release|Any CPU
	EndGlobalSection
	GlobalSection(SolutionProperties) = preSolution
		HideSolutionNode = FALSE
	EndGlobalSection
	GlobalSection(ExtensibilityGlobals) = postSolution
		SolutionGuid = {18BCE0D5-856E-442E-9D21-98A4F0D20D9B}
	EndGlobalSection
EndGlobal
